// !$*UTF8*$!
{
	archiveVersion = 1;
	classes = {
	};
	objectVersion = 46;
	objects = {

/* Begin PBXBuildFile section */
		ADDFB68A1BF2802A0079BDD2 /* AppDelegate.swift in Sources */ = {isa = PBXBuildFile; fileRef = ADDFB6891BF2802A0079BDD2 /* AppDelegate.swift */; };
		ADDFB68C1BF2802A0079BDD2 /* ViewController.swift in Sources */ = {isa = PBXBuildFile; fileRef = ADDFB68B1BF2802A0079BDD2 /* ViewController.swift */; };
		ADDFB68F1BF2802A0079BDD2 /* Main.storyboard in Resources */ = {isa = PBXBuildFile; fileRef = ADDFB68D1BF2802A0079BDD2 /* Main.storyboard */; };
		ADDFB6911BF2802A0079BDD2 /* Assets.xcassets in Resources */ = {isa = PBXBuildFile; fileRef = ADDFB6901BF2802A0079BDD2 /* Assets.xcassets */; };
		ADDFB6941BF2802A0079BDD2 /* LaunchScreen.storyboard in Resources */ = {isa = PBXBuildFile; fileRef = ADDFB6921BF2802A0079BDD2 /* LaunchScreen.storyboard */; };
/* End PBXBuildFile section */

/* Begin PBXFileReference section */
		ADDFB6861BF2802A0079BDD2 /* Times Tables.app */ = {isa = PBXFileReference; explicitFileType = wrapper.application; includeInIndex = 0; path = "Times Tables.app"; sourceTree = BUILT_PRODUCTS_DIR; };
		ADDFB6891BF2802A0079BDD2 /* AppDelegate.swift */ = {isa = PBXFileReference; lastKnownFileType = sourcecode.swift; path = AppDelegate.swift; sourceTree = "<group>"; };
		ADDFB68B1BF2802A0079BDD2 /* ViewController.swift */ = {isa = PBXFileReference; lastKnownFileType = sourcecode.swift; path = ViewController.swift; sourceTree = "<group>"; };
		ADDFB68E1BF2802A0079BDD2 /* Base */ = {isa = PBXFileReference; lastKnownFileType = file.storyboard; name = Base; path = Base.lproj/Main.storyboard; sourceTree = "<group>"; };
		ADDFB6901BF2802A0079BDD2 /* Assets.xcassets */ = {isa = PBXFileReference; lastKnownFileType = folder.assetcatalog; path = Assets.xcassets; sourceTree = "<group>"; };
		ADDFB6931BF2802A0079BDD2 /* Base */ = {isa = PBXFileReference; lastKnownFileType = file.storyboard; name = Base; path = Base.lproj/LaunchScreen.storyboard; sourceTree = "<group>"; };
		ADDFB6951BF2802A0079BDD2 /* Info.plist */ = {isa = PBXFileReference; lastKnownFileType = text.plist.xml; path = Info.plist; sourceTree = "<group>"; };
/* End PBXFileReference section */

/* Begin PBXFrameworksBuildPhase section */
		ADDFB6831BF2802A0079BDD2 /* Frameworks */ = {
			isa = PBXFrameworksBuildPhase;
			buildActionMask = 2147483647;
			files = (
			);
			runOnlyForDeploymentPostprocessing = 0;
		};
/* End PBXFrameworksBuildPhase section */

/* Begin PBXGroup section */
		ADDFB67D1BF2802A0079BDD2 = {
			isa = PBXGroup;
			children = (
				ADDFB6881BF2802A0079BDD2 /* Times Tables */,
				ADDFB6871BF2802A0079BDD2 /* Products */,
			);
			sourceTree = "<group>";
		};
		ADDFB6871BF2802A0079BDD2 /* Products */ = {
			isa = PBXGroup;
			children = (
				ADDFB6861BF2802A0079BDD2 /* Times Tables.app */,
			);
			name = Products;
			sourceTree = "<group>";
		};
		ADDFB6881BF2802A0079BDD2 /* Times Tables */ = {
			isa = PBXGroup;
			children = (
				ADDFB6891BF2802A0079BDD2 /* AppDelegate.swift */,
				ADDFB68B1BF2802A0079BDD2 /* ViewController.swift */,
				ADDFB68D1BF2802A0079BDD2 /* Main.storyboard */,
				ADDFB6901BF2802A0079BDD2 /* Assets.xcassets */,
				ADDFB6921BF2802A0079BDD2 /* LaunchScreen.storyboard */,
				ADDFB6951BF2802A0079BDD2 /* Info.plist */,
			);
			path = "Times Tables";
			sourceTree = "<group>";
		};
/* End PBXGroup section */

/* Begin PBXNativeTarget section */
		ADDFB6851BF2802A0079BDD2 /* Times Tables */ = {
			isa = PBXNativeTarget;
			buildConfigurationList = ADDFB6981BF2802A0079BDD2 /* Build configuration list for PBXNativeTarget "Times Tables" */;
			buildPhases = (
				ADDFB6821BF2802A0079BDD2 /* Sources */,
				ADDFB6831BF2802A0079BDD2 /* Frameworks */,
				ADDFB6841BF2802A0079BDD2 /* Resources */,
			);
			buildRules = (
			);
			dependencies = (
			);
			name = "Times Tables";
			productName = "Times Tables";
			productReference = ADDFB6861BF2802A0079BDD2 /* Times Tables.app */;
			productType = "com.apple.product-type.application";
		};
/* End PBXNativeTarget section */

/* Begin PBXProject section */
		ADDFB67E1BF2802A0079BDD2 /* Project object */ = {
			isa = PBXProject;
			attributes = {
				LastSwiftUpdateCheck = 0710;
				LastUpgradeCheck = 0710;
				ORGANIZATIONNAME = LiquidGroup;
				TargetAttributes = {
					ADDFB6851BF2802A0079BDD2 = {
						CreatedOnToolsVersion = 7.1;
					};
				};
			};
			buildConfigurationList = ADDFB6811BF2802A0079BDD2 /* Build configuration list for PBXProject "Times Tables" */;
			compatibilityVersion = "Xcode 3.2";
			developmentRegion = English;
			hasScannedForEncodings = 0;
			knownRegions = (
				en,
				Base,
			);
			mainGroup = ADDFB67D1BF2802A0079BDD2;
			productRefGroup = ADDFB6871BF2802A0079BDD2 /* Products */;
			projectDirPath = "";
			projectRoot = "";
			targets = (
				ADDFB6851BF2802A0079BDD2 /* Times Tables */,
			);
		};
/* End PBXProject section */

/* Begin PBXResourcesBuildPhase section */
		ADDFB6841BF2802A0079BDD2 /* Resources */ = {
			isa = PBXResourcesBuildPhase;
			buildActionMask = 2147483647;
			files = (
				ADDFB6941BF2802A0079BDD2 /* LaunchScreen.storyboard in Resources */,
				ADDFB6911BF2802A0079BDD2 /* Assets.xcassets in Resources */,
				ADDFB68F1BF2802A0079BDD2 /* Main.storyboard in Resources */,
			);
			runOnlyForDeploymentPostprocessing = 0;
		};
/* End PBXResourcesBuildPhase section */

/* Begin PBXSourcesBuildPhase section */
		ADDFB6821BF2802A0079BDD2 /* Sources */ = {
			isa = PBXSourcesBuildPhase;
			buildActionMask = 2147483647;
			files = (
				ADDFB68C1BF2802A0079BDD2 /* ViewController.swift in Sources */,
				ADDFB68A1BF2802A0079BDD2 /* AppDelegate.swift in Sources */,
			);
			runOnlyForDeploymentPostprocessing = 0;
		};
/* End PBXSourcesBuildPhase section */

/* Begin PBXVariantGroup section */
		ADDFB68D1BF2802A0079BDD2 /* Main.storyboard */ = {
			isa = PBXVariantGroup;
			children = (
				ADDFB68E1BF2802A0079BDD2 /* Base */,
			);
			name = Main.storyboard;
			sourceTree = "<group>";
		};
		ADDFB6921BF2802A0079BDD2 /* LaunchScreen.storyboard */ = {
			isa = PBXVariantGroup;
			children = (
				ADDFB6931BF2802A0079BDD2 /* Base */,
			);
			name = LaunchScreen.storyboard;
			sourceTree = "<group>";
		};
/* End PBXVariantGroup section */

/* Begin XCBuildConfiguration section */
		ADDFB6961BF2802A0079BDD2 /* Debug */ = {
			isa = XCBuildConfiguration;
			buildSettings = {
				ALWAYS_SEARCH_USER_PATHS = NO;
				CLANG_CXX_LANGUAGE_STANDARD = "gnu++0x";
				CLANG_CXX_LIBRARY = "libc++";
				CLANG_ENABLE_MODULES = YES;
				CLANG_ENABLE_OBJC_ARC = YES;
				CLANG_WARN_BOOL_CONVERSION = YES;
				CLANG_WARN_CONSTANT_CONVERSION = YES;
				CLANG_WARN_DIRECT_OBJC_ISA_USAGE = YES_ERROR;
				CLANG_WARN_EMPTY_BODY = YES;
				CLANG_WARN_ENUM_CONVERSION = YES;
				CLANG_WARN_INT_CONVERSION = YES;
				CLANG_WARN_OBJC_ROOT_CLASS = YES_ERROR;
				CLANG_WARN_UNREACHABLE_CODE = YES;
				CLANG_WARN__DUPLICATE_METHOD_MATCH = YES;
				"CODE_SIGN_IDENTITY[sdk=iphoneos*]" = "iPhone Developer";
				COPY_PHASE_STRIP = NO;
				DEBUG_INFORMATION_FORMAT = dwarf;
				ENABLE_STRICT_OBJC_MSGSEND = YES;
				ENABLE_TESTABILITY = YES;
				GCC_C_LANGUAGE_STANDARD = gnu99;
				GCC_DYNAMIC_NO_PIC = NO;
				GCC_NO_COMMON_BLOCKS = YES;
				GCC_OPTIMIZATION_LEVEL = 0;
				GCC_PREPROCESSOR_DEFINITIONS = (
					"DEBUG=1",
					"$(inherited)",
				);
				GCC_WARN_64_TO_32_BIT_CONVERSION = YES;
				GCC_WARN_ABOUT_RETURN_TYPE = YES_ERROR;
				GCC_WARN_UNDECLARED_SELECTOR = YES;
				GCC_WARN_UNINITIALIZED_AUTOS = YES_AGGRESSIVE;
				GCC_WARN_UNUSED_FUNCTION = YES;
				GCC_WARN_UNUSED_VARIABLE = YES;
				IPHONEOS_DEPLOYMENT_TARGET = 9.1;
				MTL_ENABLE_DEBUG_INFO = YES;
				ONLY_ACTIVE_ARCH = YES;
				SDKROOT = iphoneos;
				SWIFT_OPTIMIZATION_LEVEL = "-Onone";
			};
			name = Debug;
		};
		ADDFB6971BF2802A0079BDD2 /* Release */ = {
			isa = XCBuildConfiguration;
			buildSettings = {
				ALWAYS_SEARCH_USER_PATHS = NO;
				CLANG_CXX_LANGUAGE_STANDARD = "gnu++0x";
				CLANG_CXX_LIBRARY = "libc++";
				CLANG_ENABLE_MODULES = YES;
				CLANG_ENABLE_OBJC_ARC = YES;
				CLANG_WARN_BOOL_CONVERSION = YES;
				CLANG_WARN_CONSTANT_CONVERSION = YES;
				CLANG_WARN_DIRECT_OBJC_ISA_USAGE = YES_ERROR;
				CLANG_WARN_EMPTY_BODY = YES;
				CLANG_WARN_ENUM_CONVERSION = YES;
				CLANG_WARN_INT_CONVERSION = YES;
				CLANG_WARN_OBJC_ROOT_CLASS = YES_ERROR;
				CLANG_WARN_UNREACHABLE_CODE = YES;
				CLANG_WARN__DUPLICATE_METHOD_MATCH = YES;
				"CODE_SIGN_IDENTITY[sdk=iphoneos*]" = "iPhone Developer";
				COPY_PHASE_STRIP = NO;
				DEBUG_INFORMATION_FORMAT = "dwarf-with-dsym";
				ENABLE_NS_ASSERTIONS = NO;
				ENABLE_STRICT_OBJC_MSGSEND = YES;
				GCC_C_LANGUAGE_STANDARD = gnu99;
				GCC_NO_COMMON_BLOCKS = YES;
				GCC_WARN_64_TO_32_BIT_CONVERSION = YES;
				GCC_WARN_ABOUT_RETURN_TYPE = YES_ERROR;
				GCC_WARN_UNDECLARED_SELECTOR = YES;
				GCC_WARN_UNINITIALIZED_AUTOS = YES_AGGRESSIVE;
				GCC_WARN_UNUSED_FUNCTION = YES;
				GCC_WARN_UNUSED_VARIABLE = YES;
				IPHONEOS_DEPLOYMENT_TARGET = 9.1;
				MTL_ENABLE_DEBUG_INFO = NO;
				SDKROOT = iphoneos;
				VALIDATE_PRODUCT = YES;
			};
			name = Release;
		};
		ADDFB6991BF2802A0079BDD2 /* Debug */ = {
			isa = XCBuildConfiguration;
			buildSettings = {
				ASSETCATALOG_COMPILER_APPICON_NAME = AppIcon;
				INFOPLIST_FILE = "Times Tables/Info.plist";
				LD_RUNPATH_SEARCH_PATHS = "$(inherited) @executable_path/Frameworks";
				PRODUCT_BUNDLE_IDENTIFIER = "com.LiquidGroup.Times-Tables";
				PRODUCT_NAME = "$(TARGET_NAME)";
			};
			name = Debug;
		};
		ADDFB69A1BF2802A0079BDD2 /* Release */ = {
			isa = XCBuildConfiguration;
			buildSettings = {
				ASSETCATALOG_COMPILER_APPICON_NAME = AppIcon;
				INFOPLIST_FILE = "Times Tables/Info.plist";
				LD_RUNPATH_SEARCH_PATHS = "$(inherited) @executable_path/Frameworks";
				PRODUCT_BUNDLE_IDENTIFIER = "com.LiquidGroup.Times-Tables";
				PRODUCT_NAME = "$(TARGET_NAME)";
			};
			name = Release;
		};
/* End XCBuildConfiguration section */

/* Begin XCConfigurationList section */
		ADDFB6811BF2802A0079BDD2 /* Build configuration list for PBXProject "Times Tables" */ = {
			isa = XCConfigurationList;
			buildConfigurations = (
				ADDFB6961BF2802A0079BDD2 /* Debug */,
				ADDFB6971BF2802A0079BDD2 /* Release */,
			);
			defaultConfigurationIsVisible = 0;
			defaultConfigurationName = Release;
		};
		ADDFB6981BF2802A0079BDD2 /* Build configuration list for PBXNativeTarget "Times Tables" */ = {
			isa = XCConfigurationList;
			buildConfigurations = (
				ADDFB6991BF2802A0079BDD2 /* Debug */,
				ADDFB69A1BF2802A0079BDD2 /* Release */,
			);
			defaultConfigurationIsVisible = 0;
		};
/* End XCConfigurationList section */
	};
	rootObject = ADDFB67E1BF2802A0079BDD2 /* Project object */;
}
